
Microsoft Visual Studio Solution File, Format Version 12.00
# Visual Studio 15
VisualStudioVersion = 15.0.27130.2024
MinimumVisualStudioVersion = 10.0.40219.1
Project("{FAE04EC0-301F-11D3-BF4B-00C04F79EFBC}") = "FontSizeApp.Android", "FontSizeApp\FontSizeApp.Android\FontSizeApp.Android.csproj", "{0D5EAE51-92CF-4054-B2D9-7CC34600B3EC}"
EndProject
Project("{FAE04EC0-301F-11D3-BF4B-00C04F79EFBC}") = "FontSizeApp.iOS", "FontSizeApp\FontSizeApp.iOS\FontSizeApp.iOS.csproj", "{328AC64C-84F2-4BA8-86C5-B4913C67A292}"
EndProject
Project("{FAE04EC0-301F-11D3-BF4B-00C04F79EFBC}") = "FontSizeApp.UWP", "FontSizeApp\FontSizeApp.UWP\FontSizeApp.UWP.csproj", "{FF6A582F-3B73-41E3-89FA-9C8F38A2215C}"
EndProject
Project("{D954291E-2A0B-460D-934E-DC6B0785DB48}") = "FontSizeApp", "FontSizeApp\FontSizeApp\FontSizeApp.shproj", "{E4F29A19-A3B7-4865-B895-51F98EFDACAF}"
EndProject
Global
	GlobalSection(SharedMSBuildProjectFiles) = preSolution
		FontSizeApp\FontSizeApp\FontSizeApp.projitems*{0d5eae51-92cf-4054-b2d9-7cc34600b3ec}*SharedItemsImports = 4
		FontSizeApp\FontSizeApp\FontSizeApp.projitems*{328ac64c-84f2-4ba8-86c5-b4913c67a292}*SharedItemsImports = 4
		FontSizeApp\FontSizeApp\FontSizeApp.projitems*{e4f29a19-a3b7-4865-b895-51f98efdacaf}*SharedItemsImports = 13
		FontSizeApp\FontSizeApp\FontSizeApp.projitems*{ff6a582f-3b73-41e3-89fa-9c8f38a2215c}*SharedItemsImports = 4
	EndGlobalSection
	GlobalSection(SolutionConfigurationPlatforms) = preSolution
		Ad-Hoc|Any CPU = Ad-Hoc|Any CPU
		Ad-Hoc|ARM = Ad-Hoc|ARM
		Ad-Hoc|iPhone = Ad-Hoc|iPhone
		Ad-Hoc|iPhoneSimulator = Ad-Hoc|iPhoneSimulator
		Ad-Hoc|x64 = Ad-Hoc|x64
		Ad-Hoc|x86 = Ad-Hoc|x86
		AppStore|Any CPU = AppStore|Any CPU
		AppStore|ARM = AppStore|ARM
		AppStore|iPhone = AppStore|iPhone
		AppStore|iPhoneSimulator = AppStore|iPhoneSimulator
		AppStore|x64 = AppStore|x64
		AppStore|x86 = AppStore|x86
		Debug|Any CPU = Debug|Any CPU
		Debug|ARM = Debug|ARM
		Debug|iPhone = Debug|iPhone
		Debug|iPhoneSimulator = Debug|iPhoneSimulator
		Debug|x64 = Debug|x64
		Debug|x86 = Debug|x86
		Release|Any CPU = Release|Any CPU
		Release|ARM = Release|ARM
		Release|iPhone = Release|iPhone
		Release|iPhoneSimulator = Release|iPhoneSimulator
		Release|x64 = Release|x64
		Release|x86 = Release|x86
	EndGlobalSection
	GlobalSection(ProjectConfigurationPlatforms) = postSolution
		{0D5EAE51-92CF-4054-B2D9-7CC34600B3EC}.Ad-Hoc|Any CPU.ActiveCfg = Release|Any CPU
		{0D5EAE51-92CF-4054-B2D9-7CC34600B3EC}.Ad-Hoc|Any CPU.Build.0 = Release|Any CPU
		{0D5EAE51-92CF-4054-B2D9-7CC34600B3EC}.Ad-Hoc|Any CPU.Deploy.0 = Release|Any CPU
		{0D5EAE51-92CF-4054-B2D9-7CC34600B3EC}.Ad-Hoc|ARM.ActiveCfg = Release|Any CPU
		{0D5EAE51-92CF-4054-B2D9-7CC34600B3EC}.Ad-Hoc|ARM.Build.0 = Release|Any CPU
		{0D5EAE51-92CF-4054-B2D9-7CC34600B3EC}.Ad-Hoc|ARM.Deploy.0 = Release|Any CPU
		{0D5EAE51-92CF-4054-B2D9-7CC34600B3EC}.Ad-Hoc|iPhone.ActiveCfg = Release|Any CPU
		{0D5EAE51-92CF-4054-B2D9-7CC34600B3EC}.Ad-Hoc|iPhone.Build.0 = Release|Any CPU
		{0D5EAE51-92CF-4054-B2D9-7CC34600B3EC}.Ad-Hoc|iPhone.Deploy.0 = Release|Any CPU
		{0D5EAE51-92CF-4054-B2D9-7CC34600B3EC}.Ad-Hoc|iPhoneSimulator.ActiveCfg = Release|Any CPU
		{0D5EAE51-92CF-4054-B2D9-7CC34600B3EC}.Ad-Hoc|iPhoneSimulator.Build.0 = Release|Any CPU
		{0D5EAE51-92CF-4054-B2D9-7CC34600B3EC}.Ad-Hoc|iPhoneSimulator.Deploy.0 = Release|Any CPU
		{0D5EAE51-92CF-4054-B2D9-7CC34600B3EC}.Ad-Hoc|x64.ActiveCfg = Release|Any CPU
		{0D5EAE51-92CF-4054-B2D9-7CC34600B3EC}.Ad-Hoc|x64.Build.0 = Release|Any CPU
		{0D5EAE51-92CF-4054-B2D9-7CC34600B3EC}.Ad-Hoc|x64.Deploy.0 = Release|Any CPU
		{0D5EAE51-92CF-4054-B2D9-7CC34600B3EC}.Ad-Hoc|x86.ActiveCfg = Release|Any CPU
		{0D5EAE51-92CF-4054-B2D9-7CC34600B3EC}.Ad-Hoc|x86.Build.0 = Release|Any CPU
		{0D5EAE51-92CF-4054-B2D9-7CC34600B3EC}.Ad-Hoc|x86.Deploy.0 = Release|Any CPU
		{0D5EAE51-92CF-4054-B2D9-7CC34600B3EC}.AppStore|Any CPU.ActiveCfg = Release|Any CPU
		{0D5EAE51-92CF-4054-B2D9-7CC34600B3EC}.AppStore|Any CPU.Build.0 = Release|Any CPU
		{0D5EAE51-92CF-4054-B2D9-7CC34600B3EC}.AppStore|Any CPU.Deploy.0 = Release|Any CPU
		{0D5EAE51-92CF-4054-B2D9-7CC34600B3EC}.AppStore|ARM.ActiveCfg = Release|Any CPU
		{0D5EAE51-92CF-4054-B2D9-7CC34600B3EC}.AppStore|ARM.Build.0 = Release|Any CPU
		{0D5EAE51-92CF-4054-B2D9-7CC34600B3EC}.AppStore|ARM.Deploy.0 = Release|Any CPU
		{0D5EAE51-92CF-4054-B2D9-7CC34600B3EC}.AppStore|iPhone.ActiveCfg = Release|Any CPU
		{0D5EAE51-92CF-4054-B2D9-7CC34600B3EC}.AppStore|iPhone.Build.0 = Release|Any CPU
		{0D5EAE51-92CF-4054-B2D9-7CC34600B3EC}.AppStore|iPhone.Deploy.0 = Release|Any CPU
		{0D5EAE51-92CF-4054-B2D9-7CC34600B3EC}.AppStore|iPhoneSimulator.ActiveCfg = Release|Any CPU
		{0D5EAE51-92CF-4054-B2D9-7CC34600B3EC}.AppStore|iPhoneSimulator.Build.0 = Release|Any CPU
		{0D5EAE51-92CF-4054-B2D9-7CC34600B3EC}.AppStore|iPhoneSimulator.Deploy.0 = Release|Any CPU
		{0D5EAE51-92CF-4054-B2D9-7CC34600B3EC}.AppStore|x64.ActiveCfg = Release|Any CPU
		{0D5EAE51-92CF-4054-B2D9-7CC34600B3EC}.AppStore|x64.Build.0 = Release|Any CPU
		{0D5EAE51-92CF-4054-B2D9-7CC34600B3EC}.AppStore|x64.Deploy.0 = Release|Any CPU
		{0D5EAE51-92CF-4054-B2D9-7CC34600B3EC}.AppStore|x86.ActiveCfg = Release|Any CPU
		{0D5EAE51-92CF-4054-B2D9-7CC34600B3EC}.AppStore|x86.Build.0 = Release|Any CPU
		{0D5EAE51-92CF-4054-B2D9-7CC34600B3EC}.AppStore|x86.Deploy.0 = Release|Any CPU
		{0D5EAE51-92CF-4054-B2D9-7CC34600B3EC}.Debug|Any CPU.ActiveCfg = Debug|Any CPU
		{0D5EAE51-92CF-4054-B2D9-7CC34600B3EC}.Debug|Any CPU.Build.0 = Debug|Any CPU
		{0D5EAE51-92CF-4054-B2D9-7CC34600B3EC}.Debug|Any CPU.Deploy.0 = Debug|Any CPU
		{0D5EAE51-92CF-4054-B2D9-7CC34600B3EC}.Debug|ARM.ActiveCfg = Debug|Any CPU
		{0D5EAE51-92CF-4054-B2D9-7CC34600B3EC}.Debug|ARM.Build.0 = Debug|Any CPU
		{0D5EAE51-92CF-4054-B2D9-7CC34600B3EC}.Debug|ARM.Deploy.0 = Debug|Any CPU
		{0D5EAE51-92CF-4054-B2D9-7CC34600B3EC}.Debug|iPhone.ActiveCfg = Debug|Any CPU
		{0D5EAE51-92CF-4054-B2D9-7CC34600B3EC}.Debug|iPhone.Build.0 = Debug|Any CPU
		{0D5EAE51-92CF-4054-B2D9-7CC34600B3EC}.Debug|iPhone.Deploy.0 = Debug|Any CPU
		{0D5EAE51-92CF-4054-B2D9-7CC34600B3EC}.Debug|iPhoneSimulator.ActiveCfg = Debug|Any CPU
		{0D5EAE51-92CF-4054-B2D9-7CC34600B3EC}.Debug|iPhoneSimulator.Build.0 = Debug|Any CPU
		{0D5EAE51-92CF-4054-B2D9-7CC34600B3EC}.Debug|iPhoneSimulator.Deploy.0 = Debug|Any CPU
		{0D5EAE51-92CF-4054-B2D9-7CC34600B3EC}.Debug|x64.ActiveCfg = Debug|Any CPU
		{0D5EAE51-92CF-4054-B2D9-7CC34600B3EC}.Debug|x64.Build.0 = Debug|Any CPU
		{0D5EAE51-92CF-4054-B2D9-7CC34600B3EC}.Debug|x64.Deploy.0 = Debug|Any CPU
		{0D5EAE51-92CF-4054-B2D9-7CC34600B3EC}.Debug|x86.ActiveCfg = Debug|Any CPU
		{0D5EAE51-92CF-4054-B2D9-7CC34600B3EC}.Debug|x86.Build.0 = Debug|Any CPU
		{0D5EAE51-92CF-4054-B2D9-7CC34600B3EC}.Debug|x86.Deploy.0 = Debug|Any CPU
		{0D5EAE51-92CF-4054-B2D9-7CC34600B3EC}.Release|Any CPU.ActiveCfg = Release|Any CPU
		{0D5EAE51-92CF-4054-B2D9-7CC34600B3EC}.Release|Any CPU.Build.0 = Release|Any CPU
		{0D5EAE51-92CF-4054-B2D9-7CC34600B3EC}.Release|Any CPU.Deploy.0 = Release|Any CPU
		{0D5EAE51-92CF-4054-B2D9-7CC34600B3EC}.Release|ARM.ActiveCfg = Release|Any CPU
		{0D5EAE51-92CF-4054-B2D9-7CC34600B3EC}.Release|ARM.Build.0 = Release|Any CPU
		{0D5EAE51-92CF-4054-B2D9-7CC34600B3EC}.Release|ARM.Deploy.0 = Release|Any CPU
		{0D5EAE51-92CF-4054-B2D9-7CC34600B3EC}.Release|iPhone.ActiveCfg = Release|Any CPU
		{0D5EAE51-92CF-4054-B2D9-7CC34600B3EC}.Release|iPhone.Build.0 = Release|Any CPU
		{0D5EAE51-92CF-4054-B2D9-7CC34600B3EC}.Release|iPhone.Deploy.0 = Release|Any CPU
		{0D5EAE51-92CF-4054-B2D9-7CC34600B3EC}.Release|iPhoneSimulator.ActiveCfg = Release|Any CPU
		{0D5EAE51-92CF-4054-B2D9-7CC34600B3EC}.Release|iPhoneSimulator.Build.0 = Release|Any CPU
		{0D5EAE51-92CF-4054-B2D9-7CC34600B3EC}.Release|iPhoneSimulator.Deploy.0 = Release|Any CPU
		{0D5EAE51-92CF-4054-B2D9-7CC34600B3EC}.Release|x64.ActiveCfg = Release|Any CPU
		{0D5EAE51-92CF-4054-B2D9-7CC34600B3EC}.Release|x64.Build.0 = Release|Any CPU
		{0D5EAE51-92CF-4054-B2D9-7CC34600B3EC}.Release|x64.Deploy.0 = Release|Any CPU
		{0D5EAE51-92CF-4054-B2D9-7CC34600B3EC}.Release|x86.ActiveCfg = Release|Any CPU
		{0D5EAE51-92CF-4054-B2D9-7CC34600B3EC}.Release|x86.Build.0 = Release|Any CPU
		{0D5EAE51-92CF-4054-B2D9-7CC34600B3EC}.Release|x86.Deploy.0 = Release|Any CPU
		{328AC64C-84F2-4BA8-86C5-B4913C67A292}.Ad-Hoc|Any CPU.ActiveCfg = Ad-Hoc|iPhone
		{328AC64C-84F2-4BA8-86C5-B4913C67A292}.Ad-Hoc|ARM.ActiveCfg = Ad-Hoc|iPhone
		{328AC64C-84F2-4BA8-86C5-B4913C67A292}.Ad-Hoc|iPhone.ActiveCfg = Ad-Hoc|iPhone
		{328AC64C-84F2-4BA8-86C5-B4913C67A292}.Ad-Hoc|iPhone.Build.0 = Ad-Hoc|iPhone
		{328AC64C-84F2-4BA8-86C5-B4913C67A292}.Ad-Hoc|iPhoneSimulator.ActiveCfg = Ad-Hoc|iPhoneSimulator
		{328AC64C-84F2-4BA8-86C5-B4913C67A292}.Ad-Hoc|iPhoneSimulator.Build.0 = Ad-Hoc|iPhoneSimulator
		{328AC64C-84F2-4BA8-86C5-B4913C67A292}.Ad-Hoc|x64.ActiveCfg = Ad-Hoc|iPhone
		{328AC64C-84F2-4BA8-86C5-B4913C67A292}.Ad-Hoc|x86.ActiveCfg = Ad-Hoc|iPhone
		{328AC64C-84F2-4BA8-86C5-B4913C67A292}.AppStore|Any CPU.ActiveCfg = AppStore|iPhone
		{328AC64C-84F2-4BA8-86C5-B4913C67A292}.AppStore|ARM.ActiveCfg = AppStore|iPhone
		{328AC64C-84F2-4BA8-86C5-B4913C67A292}.AppStore|iPhone.ActiveCfg = AppStore|iPhone
		{328AC64C-84F2-4BA8-86C5-B4913C67A292}.AppStore|iPhone.Build.0 = AppStore|iPhone
		{328AC64C-84F2-4BA8-86C5-B4913C67A292}.AppStore|iPhoneSimulator.ActiveCfg = AppStore|iPhoneSimulator
		{328AC64C-84F2-4BA8-86C5-B4913C67A292}.AppStore|iPhoneSimulator.Build.0 = AppStore|iPhoneSimulator
		{328AC64C-84F2-4BA8-86C5-B4913C67A292}.AppStore|x64.ActiveCfg = AppStore|iPhone
		{328AC64C-84F2-4BA8-86C5-B4913C67A292}.AppStore|x86.ActiveCfg = AppStore|iPhone
		{328AC64C-84F2-4BA8-86C5-B4913C67A292}.Debug|Any CPU.ActiveCfg = Debug|iPhone
		{328AC64C-84F2-4BA8-86C5-B4913C67A292}.Debug|ARM.ActiveCfg = Debug|iPhone
		{328AC64C-84F2-4BA8-86C5-B4913C67A292}.Debug|iPhone.ActiveCfg = Debug|iPhone
		{328AC64C-84F2-4BA8-86C5-B4913C67A292}.Debug|iPhone.Build.0 = Debug|iPhone
		{328AC64C-84F2-4BA8-86C5-B4913C67A292}.Debug|iPhoneSimulator.ActiveCfg = Debug|iPhoneSimulator
		{328AC64C-84F2-4BA8-86C5-B4913C67A292}.Debug|iPhoneSimulator.Build.0 = Debug|iPhoneSimulator
		{328AC64C-84F2-4BA8-86C5-B4913C67A292}.Debug|x64.ActiveCfg = Debug|iPhone
		{328AC64C-84F2-4BA8-86C5-B4913C67A292}.Debug|x86.ActiveCfg = Debug|iPhone
		{328AC64C-84F2-4BA8-86C5-B4913C67A292}.Release|Any CPU.ActiveCfg = Release|iPhone
		{328AC64C-84F2-4BA8-86C5-B4913C67A292}.Release|ARM.ActiveCfg = Release|iPhone
		{328AC64C-84F2-4BA8-86C5-B4913C67A292}.Release|iPhone.ActiveCfg = Release|iPhone
		{328AC64C-84F2-4BA8-86C5-B4913C67A292}.Release|iPhone.Build.0 = Release|iPhone
		{328AC64C-84F2-4BA8-86C5-B4913C67A292}.Release|iPhoneSimulator.ActiveCfg = Release|iPhoneSimulator
		{328AC64C-84F2-4BA8-86C5-B4913C67A292}.Release|iPhoneSimulator.Build.0 = Release|iPhoneSimulator
		{328AC64C-84F2-4BA8-86C5-B4913C67A292}.Release|x64.ActiveCfg = Release|iPhone
		{328AC64C-84F2-4BA8-86C5-B4913C67A292}.Release|x86.ActiveCfg = Release|iPhone
		{FF6A582F-3B73-41E3-89FA-9C8F38A2215C}.Ad-Hoc|Any CPU.ActiveCfg = Release|x86
		{FF6A582F-3B73-41E3-89FA-9C8F38A2215C}.Ad-Hoc|Any CPU.Build.0 = Release|x86
		{FF6A582F-3B73-41E3-89FA-9C8F38A2215C}.Ad-Hoc|Any CPU.Deploy.0 = Release|x86
		{FF6A582F-3B73-41E3-89FA-9C8F38A2215C}.Ad-Hoc|ARM.ActiveCfg = Release|ARM
		{FF6A582F-3B73-41E3-89FA-9C8F38A2215C}.Ad-Hoc|ARM.Build.0 = Release|ARM
		{FF6A582F-3B73-41E3-89FA-9C8F38A2215C}.Ad-Hoc|ARM.Deploy.0 = Release|ARM
		{FF6A582F-3B73-41E3-89FA-9C8F38A2215C}.Ad-Hoc|iPhone.ActiveCfg = Release|x86
		{FF6A582F-3B73-41E3-89FA-9C8F38A2215C}.Ad-Hoc|iPhone.Build.0 = Release|x86
		{FF6A582F-3B73-41E3-89FA-9C8F38A2215C}.Ad-Hoc|iPhone.Deploy.0 = Release|x86
		{FF6A582F-3B73-41E3-89FA-9C8F38A2215C}.Ad-Hoc|iPhoneSimulator.ActiveCfg = Release|x86
		{FF6A582F-3B73-41E3-89FA-9C8F38A2215C}.Ad-Hoc|iPhoneSimulator.Build.0 = Release|x86
		{FF6A582F-3B73-41E3-89FA-9C8F38A2215C}.Ad-Hoc|iPhoneSimulator.Deploy.0 = Release|x86
		{FF6A582F-3B73-41E3-89FA-9C8F38A2215C}.Ad-Hoc|x64.ActiveCfg = Release|x64
		{FF6A582F-3B73-41E3-89FA-9C8F38A2215C}.Ad-Hoc|x64.Build.0 = Release|x64
		{FF6A582F-3B73-41E3-89FA-9C8F38A2215C}.Ad-Hoc|x64.Deploy.0 = Release|x64
		{FF6A582F-3B73-41E3-89FA-9C8F38A2215C}.Ad-Hoc|x86.ActiveCfg = Release|x86
		{FF6A582F-3B73-41E3-89FA-9C8F38A2215C}.Ad-Hoc|x86.Build.0 = Release|x86
		{FF6A582F-3B73-41E3-89FA-9C8F38A2215C}.Ad-Hoc|x86.Deploy.0 = Release|x86
		{FF6A582F-3B73-41E3-89FA-9C8F38A2215C}.AppStore|Any CPU.ActiveCfg = Release|x86
		{FF6A582F-3B73-41E3-89FA-9C8F38A2215C}.AppStore|Any CPU.Build.0 = Release|x86
		{FF6A582F-3B73-41E3-89FA-9C8F38A2215C}.AppStore|Any CPU.Deploy.0 = Release|x86
		{FF6A582F-3B73-41E3-89FA-9C8F38A2215C}.AppStore|ARM.ActiveCfg = Release|ARM
		{FF6A582F-3B73-41E3-89FA-9C8F38A2215C}.AppStore|ARM.Build.0 = Release|ARM
		{FF6A582F-3B73-41E3-89FA-9C8F38A2215C}.AppStore|ARM.Deploy.0 = Release|ARM
		{FF6A582F-3B73-41E3-89FA-9C8F38A2215C}.AppStore|iPhone.ActiveCfg = Release|x86
		{FF6A582F-3B73-41E3-89FA-9C8F38A2215C}.AppStore|iPhone.Build.0 = Release|x86
		{FF6A582F-3B73-41E3-89FA-9C8F38A2215C}.AppStore|iPhone.Deploy.0 = Release|x86
		{FF6A582F-3B73-41E3-89FA-9C8F38A2215C}.AppStore|iPhoneSimulator.ActiveCfg = Release|x86
		{FF6A582F-3B73-41E3-89FA-9C8F38A2215C}.AppStore|iPhoneSimulator.Build.0 = Release|x86
		{FF6A582F-3B73-41E3-89FA-9C8F38A2215C}.AppStore|iPhoneSimulator.Deploy.0 = Release|x86
		{FF6A582F-3B73-41E3-89FA-9C8F38A2215C}.AppStore|x64.ActiveCfg = Release|x64
		{FF6A582F-3B73-41E3-89FA-9C8F38A2215C}.AppStore|x64.Build.0 = Release|x64
		{FF6A582F-3B73-41E3-89FA-9C8F38A2215C}.AppStore|x64.Deploy.0 = Release|x64
		{FF6A582F-3B73-41E3-89FA-9C8F38A2215C}.AppStore|x86.ActiveCfg = Release|x86
		{FF6A582F-3B73-41E3-89FA-9C8F38A2215C}.AppStore|x86.Build.0 = Release|x86
		{FF6A582F-3B73-41E3-89FA-9C8F38A2215C}.AppStore|x86.Deploy.0 = Release|x86
		{FF6A582F-3B73-41E3-89FA-9C8F38A2215C}.Debug|Any CPU.ActiveCfg = Debug|x86
		{FF6A582F-3B73-41E3-89FA-9C8F38A2215C}.Debug|ARM.ActiveCfg = Debug|ARM
		{FF6A582F-3B73-41E3-89FA-9C8F38A2215C}.Debug|ARM.Build.0 = Debug|ARM
		{FF6A582F-3B73-41E3-89FA-9C8F38A2215C}.Debug|ARM.Deploy.0 = Debug|ARM
		{FF6A582F-3B73-41E3-89FA-9C8F38A2215C}.Debug|iPhone.ActiveCfg = Debug|x86
		{FF6A582F-3B73-41E3-89FA-9C8F38A2215C}.Debug|iPhoneSimulator.ActiveCfg = Debug|x86
		{FF6A582F-3B73-41E3-89FA-9C8F38A2215C}.Debug|x64.ActiveCfg = Debug|x64
		{FF6A582F-3B73-41E3-89FA-9C8F38A2215C}.Debug|x64.Build.0 = Debug|x64
		{FF6A582F-3B73-41E3-89FA-9C8F38A2215C}.Debug|x64.Deploy.0 = Debug|x64
		{FF6A582F-3B73-41E3-89FA-9C8F38A2215C}.Debug|x86.ActiveCfg = Debug|x86
		{FF6A582F-3B73-41E3-89FA-9C8F38A2215C}.Debug|x86.Build.0 = Debug|x86
		{FF6A582F-3B73-41E3-89FA-9C8F38A2215C}.Debug|x86.Deploy.0 = Debug|x86
		{FF6A582F-3B73-41E3-89FA-9C8F38A2215C}.Release|Any CPU.ActiveCfg = Release|x86
		{FF6A582F-3B73-41E3-89FA-9C8F38A2215C}.Release|ARM.ActiveCfg = Release|ARM
		{FF6A582F-3B73-41E3-89FA-9C8F38A2215C}.Release|ARM.Build.0 = Release|ARM
		{FF6A582F-3B73-41E3-89FA-9C8F38A2215C}.Release|ARM.Deploy.0 = Release|ARM
		{FF6A582F-3B73-41E3-89FA-9C8F38A2215C}.Release|iPhone.ActiveCfg = Release|x86
		{FF6A582F-3B73-41E3-89FA-9C8F38A2215C}.Release|iPhoneSimulator.ActiveCfg = Release|x86
		{FF6A582F-3B73-41E3-89FA-9C8F38A2215C}.Release|x64.ActiveCfg = Release|x64
		{FF6A582F-3B73-41E3-89FA-9C8F38A2215C}.Release|x64.Build.0 = Release|x64
		{FF6A582F-3B73-41E3-89FA-9C8F38A2215C}.Release|x64.Deploy.0 = Release|x64
		{FF6A582F-3B73-41E3-89FA-9C8F38A2215C}.Release|x86.ActiveCfg = Release|x86
		{FF6A582F-3B73-41E3-89FA-9C8F38A2215C}.Release|x86.Build.0 = Release|x86
		{FF6A582F-3B73-41E3-89FA-9C8F38A2215C}.Release|x86.Deploy.0 = Release|x86
	EndGlobalSection
	GlobalSection(SolutionProperties) = preSolution
		HideSolutionNode = FALSE
	EndGlobalSection
	GlobalSection(ExtensibilityGlobals) = postSolution
		SolutionGuid = {27797373-F9B2-4025-9496-F9409B33D04B}
	EndGlobalSection
EndGlobal
